
Microsoft Visual Studio Solution File, Format Version 12.00
# Visual Studio Version 16
VisualStudioVersion = 16.0.30114.105
MinimumVisualStudioVersion = 10.0.40219.1
Project("{2150E333-8FDC-42A3-9474-1A3956D46DE8}") = "src", "src", "{16742C86-2046-4A6D-8876-A331E2AD25F4}"
EndProject
Project("{FAE04EC0-301F-11D3-BF4B-00C04F79EFBC}") = "Ocdi.Alphaess", "src\Ocdi.Alphaess\Ocdi.Alphaess.csproj", "{871F2C87-5AD4-430C-ABAE-2FAA334BF75C}"
EndProject
Project("{FAE04EC0-301F-11D3-BF4B-00C04F79EFBC}") = "Ocdi.Alphaess.Cmd", "src\Ocdi.Alphaess.Cmd\Ocdi.Alphaess.Cmd.csproj", "{0372E5D8-1F08-4AE7-A1B4-77276C2BF054}"
EndProject
Global
	GlobalSection(SolutionConfigurationPlatforms) = preSolution
		Debug|Any CPU = Debug|Any CPU
		Release|Any CPU = Release|Any CPU
	EndGlobalSection
	GlobalSection(SolutionProperties) = preSolution
		HideSolutionNode = FALSE
	EndGlobalSection
	GlobalSection(ProjectConfigurationPlatforms) = postSolution
		{871F2C87-5AD4-430C-ABAE-2FAA334BF75C}.Debug|Any CPU.ActiveCfg = Debug|Any CPU
		{871F2C87-5AD4-430C-ABAE-2FAA334BF75C}.Debug|Any CPU.Build.0 = Debug|Any CPU
		{871F2C87-5AD4-430C-ABAE-2FAA334BF75C}.Release|Any CPU.ActiveCfg = Release|Any CPU
		{871F2C87-5AD4-430C-ABAE-2FAA334BF75C}.Release|Any CPU.Build.0 = Release|Any CPU
		{0372E5D8-1F08-4AE7-A1B4-77276C2BF054}.Debug|Any CPU.ActiveCfg = Debug|Any CPU
		{0372E5D8-1F08-4AE7-A1B4-77276C2BF054}.Debug|Any CPU.Build.0 = Debug|Any CPU
		{0372E5D8-1F08-4AE7-A1B4-77276C2BF054}.Release|Any CPU.ActiveCfg = Release|Any CPU
		{0372E5D8-1F08-4AE7-A1B4-77276C2BF054}.Release|Any CPU.Build.0 = Release|Any CPU
	EndGlobalSection
	GlobalSection(NestedProjects) = preSolution
		{871F2C87-5AD4-430C-ABAE-2FAA334BF75C} = {16742C86-2046-4A6D-8876-A331E2AD25F4}
		{0372E5D8-1F08-4AE7-A1B4-77276C2BF054} = {16742C86-2046-4A6D-8876-A331E2AD25F4}
	EndGlobalSection
EndGlobal
